
Microsoft Visual Studio Solution File, Format Version 12.00
# Visual Studio Version 16
VisualStudioVersion = 16.0.30503.244
MinimumVisualStudioVersion = 10.0.40219.1
Project("{9A19103F-16F7-4668-BE54-9A1E7A4F7556}") = "Adapter", "Exercise1_Adapter\Adapter.csproj", "{6D1DD316-FBC9-4373-8948-1F5EE540ABC4}"
EndProject
Project("{2150E333-8FDC-42A3-9474-1A3956D46DE8}") = "Exercise_1-Adapter", "Exercise_1-Adapter", "{32AB33BE-1DC1-408B-AC1B-B74E4CC33662}"
EndProject
Project("{9A19103F-16F7-4668-BE54-9A1E7A4F7556}") = "Adapter-Task", "Adapter-Task\Adapter-Task.csproj", "{E561D02B-E6C7-4BD0-882C-7CF6A53228BD}"
EndProject
Project("{2150E333-8FDC-42A3-9474-1A3956D46DE8}") = "Exercise_2-Abstract Factory", "Exercise_2-Abstract Factory", "{A03D07C1-14AF-4B23-A376-46AC1C71A6C8}"
EndProject
Project("{9A19103F-16F7-4668-BE54-9A1E7A4F7556}") = "AbstractFactory", "AbstractFactory\AbstractFactory.csproj", "{AD4F8457-DDD0-4AE3-BC5A-0D3A5FFBB2E6}"
EndProject
Project("{2150E333-8FDC-42A3-9474-1A3956D46DE8}") = "Exercise_3-Factory Method", "Exercise_3-Factory Method", "{D1D0B5D3-DE42-4C5C-9285-F96FD87C3188}"
EndProject
Project("{9A19103F-16F7-4668-BE54-9A1E7A4F7556}") = "FactoryMethod", "FactoryMethod\FactoryMethod.csproj", "{5579DABB-6C02-42EC-B721-D3E1711B246C}"
EndProject
Project("{2150E333-8FDC-42A3-9474-1A3956D46DE8}") = "Exercise_4-Singleton", "Exercise_4-Singleton", "{13DB1E36-6A79-41B2-8F93-D5A7A202CD43}"
EndProject
Project("{9A19103F-16F7-4668-BE54-9A1E7A4F7556}") = "Singleton", "Singleton\Singleton.csproj", "{60369A0D-C9CB-402A-9EF7-2340E5267DBE}"
EndProject
Project("{2150E333-8FDC-42A3-9474-1A3956D46DE8}") = "Exercise_5-Strategy", "Exercise_5-Strategy", "{7043066C-87A4-40E6-86B4-5F07CDC75F6F}"
EndProject
Project("{FAE04EC0-301F-11D3-BF4B-00C04F79EFBC}") = "Strategy", "Strategy\Strategy.csproj", "{F5FAF891-401F-4230-AE70-3D52014210B5}"
EndProject
Project("{FAE04EC0-301F-11D3-BF4B-00C04F79EFBC}") = "Navigator", "Navigator\Navigator.csproj", "{C701798C-ADDF-419D-BC5A-ED8192CED797}"
EndProject
Project("{2150E333-8FDC-42A3-9474-1A3956D46DE8}") = "Exercise_6-Template Method", "Exercise_6-Template Method", "{71216624-A154-4465-91D3-7EB246DCEB8B}"
EndProject
Project("{FAE04EC0-301F-11D3-BF4B-00C04F79EFBC}") = "TemplateMethod", "TemplateMethod\TemplateMethod.csproj", "{99927511-E32F-462E-9E75-95125188E248}"
EndProject
Project("{FAE04EC0-301F-11D3-BF4B-00C04F79EFBC}") = "TemplatePaying", "TemplatePaying\TemplatePaying.csproj", "{A52DBE96-1DEB-4B46-B699-42F2296174CB}"
EndProject
Project("{2150E333-8FDC-42A3-9474-1A3956D46DE8}") = "Exercise_7 -Facade", "Exercise_7 -Facade", "{0943BB9A-840A-4935-B281-5940802C3D3C}"
EndProject
Project("{FAE04EC0-301F-11D3-BF4B-00C04F79EFBC}") = "Facade", "Facade\Facade.csproj", "{A39053DE-1C3D-4448-A527-277354E5C7CA}"
EndProject
Project("{2150E333-8FDC-42A3-9474-1A3956D46DE8}") = "Exercise_8-Chain of Responsibility", "Exercise_8-Chain of Responsibility", "{9EB814AB-DF5B-4097-986B-C1833A9B1096}"
EndProject
Project("{FAE04EC0-301F-11D3-BF4B-00C04F79EFBC}") = "ChainofResponsibility", "ChainofResponsibility\ChainofResponsibility.csproj", "{E31F5E7C-F09F-4ABF-A176-B865B95F0E54}"
EndProject
Project("{2150E333-8FDC-42A3-9474-1A3956D46DE8}") = "Exercise_9-Command", "Exercise_9-Command", "{5EE7992F-330B-4293-830E-3EEC61E537E1}"
EndProject
Project("{FAE04EC0-301F-11D3-BF4B-00C04F79EFBC}") = "Command", "Command\Command.csproj", "{D0BBCCAB-C5EF-42A0-BA42-DC6EFE0410FA}"
EndProject
Project("{2150E333-8FDC-42A3-9474-1A3956D46DE8}") = "Exercise_10-Decorator", "Exercise_10-Decorator", "{3AFFBA06-A854-4061-B3A5-44537AFFA5BB}"
EndProject
Project("{FAE04EC0-301F-11D3-BF4B-00C04F79EFBC}") = "Decorator", "Decorator\Decorator.csproj", "{BB0CB8D4-B94C-47D3-A5EF-6CA4492764CB}"
EndProject
Global
	GlobalSection(SolutionConfigurationPlatforms) = preSolution
		Debug|Any CPU = Debug|Any CPU
		Release|Any CPU = Release|Any CPU
	EndGlobalSection
	GlobalSection(ProjectConfigurationPlatforms) = postSolution
		{6D1DD316-FBC9-4373-8948-1F5EE540ABC4}.Debug|Any CPU.ActiveCfg = Debug|Any CPU
		{6D1DD316-FBC9-4373-8948-1F5EE540ABC4}.Debug|Any CPU.Build.0 = Debug|Any CPU
		{6D1DD316-FBC9-4373-8948-1F5EE540ABC4}.Release|Any CPU.ActiveCfg = Release|Any CPU
		{6D1DD316-FBC9-4373-8948-1F5EE540ABC4}.Release|Any CPU.Build.0 = Release|Any CPU
		{E561D02B-E6C7-4BD0-882C-7CF6A53228BD}.Debug|Any CPU.ActiveCfg = Debug|Any CPU
		{E561D02B-E6C7-4BD0-882C-7CF6A53228BD}.Debug|Any CPU.Build.0 = Debug|Any CPU
		{E561D02B-E6C7-4BD0-882C-7CF6A53228BD}.Release|Any CPU.ActiveCfg = Release|Any CPU
		{E561D02B-E6C7-4BD0-882C-7CF6A53228BD}.Release|Any CPU.Build.0 = Release|Any CPU
		{AD4F8457-DDD0-4AE3-BC5A-0D3A5FFBB2E6}.Debug|Any CPU.ActiveCfg = Debug|Any CPU
		{AD4F8457-DDD0-4AE3-BC5A-0D3A5FFBB2E6}.Debug|Any CPU.Build.0 = Debug|Any CPU
		{AD4F8457-DDD0-4AE3-BC5A-0D3A5FFBB2E6}.Release|Any CPU.ActiveCfg = Release|Any CPU
		{AD4F8457-DDD0-4AE3-BC5A-0D3A5FFBB2E6}.Release|Any CPU.Build.0 = Release|Any CPU
		{5579DABB-6C02-42EC-B721-D3E1711B246C}.Debug|Any CPU.ActiveCfg = Debug|Any CPU
		{5579DABB-6C02-42EC-B721-D3E1711B246C}.Debug|Any CPU.Build.0 = Debug|Any CPU
		{5579DABB-6C02-42EC-B721-D3E1711B246C}.Release|Any CPU.ActiveCfg = Release|Any CPU
		{5579DABB-6C02-42EC-B721-D3E1711B246C}.Release|Any CPU.Build.0 = Release|Any CPU
		{60369A0D-C9CB-402A-9EF7-2340E5267DBE}.Debug|Any CPU.ActiveCfg = Debug|Any CPU
		{60369A0D-C9CB-402A-9EF7-2340E5267DBE}.Debug|Any CPU.Build.0 = Debug|Any CPU
		{60369A0D-C9CB-402A-9EF7-2340E5267DBE}.Release|Any CPU.ActiveCfg = Release|Any CPU
		{60369A0D-C9CB-402A-9EF7-2340E5267DBE}.Release|Any CPU.Build.0 = Release|Any CPU
		{F5FAF891-401F-4230-AE70-3D52014210B5}.Debug|Any CPU.ActiveCfg = Debug|Any CPU
		{F5FAF891-401F-4230-AE70-3D52014210B5}.Debug|Any CPU.Build.0 = Debug|Any CPU
		{F5FAF891-401F-4230-AE70-3D52014210B5}.Release|Any CPU.ActiveCfg = Release|Any CPU
		{F5FAF891-401F-4230-AE70-3D52014210B5}.Release|Any CPU.Build.0 = Release|Any CPU
		{C701798C-ADDF-419D-BC5A-ED8192CED797}.Debug|Any CPU.ActiveCfg = Debug|Any CPU
		{C701798C-ADDF-419D-BC5A-ED8192CED797}.Debug|Any CPU.Build.0 = Debug|Any CPU
		{C701798C-ADDF-419D-BC5A-ED8192CED797}.Release|Any CPU.ActiveCfg = Release|Any CPU
		{C701798C-ADDF-419D-BC5A-ED8192CED797}.Release|Any CPU.Build.0 = Release|Any CPU
		{99927511-E32F-462E-9E75-95125188E248}.Debug|Any CPU.ActiveCfg = Debug|Any CPU
		{99927511-E32F-462E-9E75-95125188E248}.Debug|Any CPU.Build.0 = Debug|Any CPU
		{99927511-E32F-462E-9E75-95125188E248}.Release|Any CPU.ActiveCfg = Release|Any CPU
		{99927511-E32F-462E-9E75-95125188E248}.Release|Any CPU.Build.0 = Release|Any CPU
		{A52DBE96-1DEB-4B46-B699-42F2296174CB}.Debug|Any CPU.ActiveCfg = Debug|Any CPU
		{A52DBE96-1DEB-4B46-B699-42F2296174CB}.Debug|Any CPU.Build.0 = Debug|Any CPU
		{A52DBE96-1DEB-4B46-B699-42F2296174CB}.Release|Any CPU.ActiveCfg = Release|Any CPU
		{A52DBE96-1DEB-4B46-B699-42F2296174CB}.Release|Any CPU.Build.0 = Release|Any CPU
		{A39053DE-1C3D-4448-A527-277354E5C7CA}.Debug|Any CPU.ActiveCfg = Debug|Any CPU
		{A39053DE-1C3D-4448-A527-277354E5C7CA}.Debug|Any CPU.Build.0 = Debug|Any CPU
		{A39053DE-1C3D-4448-A527-277354E5C7CA}.Release|Any CPU.ActiveCfg = Release|Any CPU
		{A39053DE-1C3D-4448-A527-277354E5C7CA}.Release|Any CPU.Build.0 = Release|Any CPU
		{E31F5E7C-F09F-4ABF-A176-B865B95F0E54}.Debug|Any CPU.ActiveCfg = Debug|Any CPU
		{E31F5E7C-F09F-4ABF-A176-B865B95F0E54}.Debug|Any CPU.Build.0 = Debug|Any CPU
		{E31F5E7C-F09F-4ABF-A176-B865B95F0E54}.Release|Any CPU.ActiveCfg = Release|Any CPU
		{E31F5E7C-F09F-4ABF-A176-B865B95F0E54}.Release|Any CPU.Build.0 = Release|Any CPU
		{D0BBCCAB-C5EF-42A0-BA42-DC6EFE0410FA}.Debug|Any CPU.ActiveCfg = Debug|Any CPU
		{D0BBCCAB-C5EF-42A0-BA42-DC6EFE0410FA}.Debug|Any CPU.Build.0 = Debug|Any CPU
		{D0BBCCAB-C5EF-42A0-BA42-DC6EFE0410FA}.Release|Any CPU.ActiveCfg = Release|Any CPU
		{D0BBCCAB-C5EF-42A0-BA42-DC6EFE0410FA}.Release|Any CPU.Build.0 = Release|Any CPU
		{BB0CB8D4-B94C-47D3-A5EF-6CA4492764CB}.Debug|Any CPU.ActiveCfg = Debug|Any CPU
		{BB0CB8D4-B94C-47D3-A5EF-6CA4492764CB}.Debug|Any CPU.Build.0 = Debug|Any CPU
		{BB0CB8D4-B94C-47D3-A5EF-6CA4492764CB}.Release|Any CPU.ActiveCfg = Release|Any CPU
		{BB0CB8D4-B94C-47D3-A5EF-6CA4492764CB}.Release|Any CPU.Build.0 = Release|Any CPU
	EndGlobalSection
	GlobalSection(SolutionProperties) = preSolution
		HideSolutionNode = FALSE
	EndGlobalSection
	GlobalSection(NestedProjects) = preSolution
		{6D1DD316-FBC9-4373-8948-1F5EE540ABC4} = {32AB33BE-1DC1-408B-AC1B-B74E4CC33662}
		{E561D02B-E6C7-4BD0-882C-7CF6A53228BD} = {32AB33BE-1DC1-408B-AC1B-B74E4CC33662}
		{AD4F8457-DDD0-4AE3-BC5A-0D3A5FFBB2E6} = {A03D07C1-14AF-4B23-A376-46AC1C71A6C8}
		{5579DABB-6C02-42EC-B721-D3E1711B246C} = {D1D0B5D3-DE42-4C5C-9285-F96FD87C3188}
		{60369A0D-C9CB-402A-9EF7-2340E5267DBE} = {13DB1E36-6A79-41B2-8F93-D5A7A202CD43}
		{F5FAF891-401F-4230-AE70-3D52014210B5} = {7043066C-87A4-40E6-86B4-5F07CDC75F6F}
		{C701798C-ADDF-419D-BC5A-ED8192CED797} = {7043066C-87A4-40E6-86B4-5F07CDC75F6F}
		{99927511-E32F-462E-9E75-95125188E248} = {71216624-A154-4465-91D3-7EB246DCEB8B}
		{A52DBE96-1DEB-4B46-B699-42F2296174CB} = {71216624-A154-4465-91D3-7EB246DCEB8B}
		{A39053DE-1C3D-4448-A527-277354E5C7CA} = {0943BB9A-840A-4935-B281-5940802C3D3C}
		{E31F5E7C-F09F-4ABF-A176-B865B95F0E54} = {9EB814AB-DF5B-4097-986B-C1833A9B1096}
		{D0BBCCAB-C5EF-42A0-BA42-DC6EFE0410FA} = {5EE7992F-330B-4293-830E-3EEC61E537E1}
		{BB0CB8D4-B94C-47D3-A5EF-6CA4492764CB} = {3AFFBA06-A854-4061-B3A5-44537AFFA5BB}
	EndGlobalSection
	GlobalSection(ExtensibilityGlobals) = postSolution
		SolutionGuid = {C52C4927-C5A3-439D-A237-08D39BFBD95A}
	EndGlobalSection
EndGlobal
